
Microsoft Visual Studio Solution File, Format Version 12.00
# Visual Studio 2012
Project("{8BC9CEB8-8B4A-11D0-8D11-00A0C91BC942}") = "EntityFramework", "EntityFramework.vcxproj", "{91FC2309-EEC1-458F-B4AA-004D05AF02DB}"
EndProject
Project("{8BC9CEB8-8B4A-11D0-8D11-00A0C91BC942}") = "TestProject", "..\TestProject\TestProject.vcxproj", "{F418F62E-DAC0-470E-944A-8F0557720001}"
EndProject
Global
	GlobalSection(SolutionConfigurationPlatforms) = preSolution
		Debug|Win32 = Debug|Win32
		Release|Win32 = Release|Win32
	EndGlobalSection
	GlobalSection(ProjectConfigurationPlatforms) = postSolution
		{91FC2309-EEC1-458F-B4AA-004D05AF02DB}.Debug|Win32.ActiveCfg = Debug|Win32
		{91FC2309-EEC1-458F-B4AA-004D05AF02DB}.Debug|Win32.Build.0 = Debug|Win32
		{91FC2309-EEC1-458F-B4AA-004D05AF02DB}.Release|Win32.ActiveCfg = Release|Win32
		{91FC2309-EEC1-458F-B4AA-004D05AF02DB}.Release|Win32.Build.0 = Release|Win32
		{F418F62E-DAC0-470E-944A-8F0557720001}.Debug|Win32.ActiveCfg = Debug|Win32
		{F418F62E-DAC0-470E-944A-8F0557720001}.Debug|Win32.Build.0 = Debug|Win32
		{F418F62E-DAC0-470E-944A-8F0557720001}.Release|Win32.ActiveCfg = Release|Win32
		{F418F62E-DAC0-470E-944A-8F0557720001}.Release|Win32.Build.0 = Release|Win32
	EndGlobalSection
	GlobalSection(SolutionProperties) = preSolution
		HideSolutionNode = FALSE
	EndGlobalSection
EndGlobal
